
Microsoft Visual Studio Solution File, Format Version 12.00
# Visual Studio Version 17
VisualStudioVersion = 17.11.35208.52
MinimumVisualStudioVersion = 10.0.40219.1
Project("{FAE04EC0-301F-11D3-BF4B-00C04F79EFBC}") = "EmployeeDetailsAPI", "EmployeeDetailsAPI\EmployeeDetailsAPI.csproj", "{6498FC5F-B083-463E-9224-B8DEA22F7C3C}"
EndProject
Global
	GlobalSection(SolutionConfigurationPlatforms) = preSolution
		Debug|Any CPU = Debug|Any CPU
		Release|Any CPU = Release|Any CPU
	EndGlobalSection
	GlobalSection(ProjectConfigurationPlatforms) = postSolution
		{6498FC5F-B083-463E-9224-B8DEA22F7C3C}.Debug|Any CPU.ActiveCfg = Debug|Any CPU
		{6498FC5F-B083-463E-9224-B8DEA22F7C3C}.Debug|Any CPU.Build.0 = Debug|Any CPU
		{6498FC5F-B083-463E-9224-B8DEA22F7C3C}.Release|Any CPU.ActiveCfg = Release|Any CPU
		{6498FC5F-B083-463E-9224-B8DEA22F7C3C}.Release|Any CPU.Build.0 = Release|Any CPU
	EndGlobalSection
	GlobalSection(SolutionProperties) = preSolution
		HideSolutionNode = FALSE
	EndGlobalSection
	GlobalSection(ExtensibilityGlobals) = postSolution
		SolutionGuid = {FBBB821F-BA61-4146-9967-FA5886D24DB0}
	EndGlobalSection
EndGlobal
